
Microsoft Visual Studio Solution File, Format Version 12.00
# Visual Studio 15
VisualStudioVersion = 15.0.28307.329
MinimumVisualStudioVersion = 10.0.40219.1
Project("{FAE04EC0-301F-11D3-BF4B-00C04F79EFBC}") = "Episervercms", "Episervercms\Episervercms.csproj", "{1175BDD2-CF67-48E7-BCF4-7F519C7B7AC5}"
EndProject
Global
	GlobalSection(SolutionConfigurationPlatforms) = preSolution
		Debug|Any CPU = Debug|Any CPU
		Release|Any CPU = Release|Any CPU
	EndGlobalSection
	GlobalSection(ProjectConfigurationPlatforms) = postSolution
		{1175BDD2-CF67-48E7-BCF4-7F519C7B7AC5}.Debug|Any CPU.ActiveCfg = Debug|Any CPU
		{1175BDD2-CF67-48E7-BCF4-7F519C7B7AC5}.Debug|Any CPU.Build.0 = Debug|Any CPU
		{1175BDD2-CF67-48E7-BCF4-7F519C7B7AC5}.Release|Any CPU.ActiveCfg = Release|Any CPU
		{1175BDD2-CF67-48E7-BCF4-7F519C7B7AC5}.Release|Any CPU.Build.0 = Release|Any CPU
	EndGlobalSection
	GlobalSection(SolutionProperties) = preSolution
		HideSolutionNode = FALSE
	EndGlobalSection
	GlobalSection(ExtensibilityGlobals) = postSolution
		SolutionGuid = {4FB722EB-6FA9-4477-AF28-6FB46BDF3888}
	EndGlobalSection
EndGlobal
